
Microsoft Visual Studio Solution File, Format Version 12.00
# Visual Studio Version 17
VisualStudioVersion = 17.4.33213.308
MinimumVisualStudioVersion = 10.0.40219.1
Project("{9A19103F-16F7-4668-BE54-9A1E7A4F7556}") = "IcelandApp", "IcelandApp.csproj", "{131010FC-55F6-4316-AECE-FF44E52E1C12}"
EndProject
Project("{FAE04EC0-301F-11D3-BF4B-00C04F79EFBC}") = "Services", "Services\Services.csproj", "{517E1368-0E3B-45DC-9979-92C0BEE94F3C}"
EndProject
Project("{FAE04EC0-301F-11D3-BF4B-00C04F79EFBC}") = "ServiceContracts", "ServiceContracts\ServiceContracts.csproj", "{0DA0A95C-0089-4F57-A256-8CF27F49A496}"
EndProject
Project("{FAE04EC0-301F-11D3-BF4B-00C04F79EFBC}") = "Data", "Data\Data.csproj", "{9CA4788D-BAEC-4AAF-904D-EFD703616BDF}"
EndProject
Global
	GlobalSection(SolutionConfigurationPlatforms) = preSolution
		Debug|Any CPU = Debug|Any CPU
		Release|Any CPU = Release|Any CPU
	EndGlobalSection
	GlobalSection(ProjectConfigurationPlatforms) = postSolution
		{131010FC-55F6-4316-AECE-FF44E52E1C12}.Debug|Any CPU.ActiveCfg = Debug|Any CPU
		{131010FC-55F6-4316-AECE-FF44E52E1C12}.Debug|Any CPU.Build.0 = Debug|Any CPU
		{131010FC-55F6-4316-AECE-FF44E52E1C12}.Release|Any CPU.ActiveCfg = Release|Any CPU
		{131010FC-55F6-4316-AECE-FF44E52E1C12}.Release|Any CPU.Build.0 = Release|Any CPU
		{517E1368-0E3B-45DC-9979-92C0BEE94F3C}.Debug|Any CPU.ActiveCfg = Debug|Any CPU
		{517E1368-0E3B-45DC-9979-92C0BEE94F3C}.Debug|Any CPU.Build.0 = Debug|Any CPU
		{517E1368-0E3B-45DC-9979-92C0BEE94F3C}.Release|Any CPU.ActiveCfg = Release|Any CPU
		{517E1368-0E3B-45DC-9979-92C0BEE94F3C}.Release|Any CPU.Build.0 = Release|Any CPU
		{0DA0A95C-0089-4F57-A256-8CF27F49A496}.Debug|Any CPU.ActiveCfg = Debug|Any CPU
		{0DA0A95C-0089-4F57-A256-8CF27F49A496}.Debug|Any CPU.Build.0 = Debug|Any CPU
		{0DA0A95C-0089-4F57-A256-8CF27F49A496}.Release|Any CPU.ActiveCfg = Release|Any CPU
		{0DA0A95C-0089-4F57-A256-8CF27F49A496}.Release|Any CPU.Build.0 = Release|Any CPU
		{9CA4788D-BAEC-4AAF-904D-EFD703616BDF}.Debug|Any CPU.ActiveCfg = Debug|Any CPU
		{9CA4788D-BAEC-4AAF-904D-EFD703616BDF}.Debug|Any CPU.Build.0 = Debug|Any CPU
		{9CA4788D-BAEC-4AAF-904D-EFD703616BDF}.Release|Any CPU.ActiveCfg = Release|Any CPU
		{9CA4788D-BAEC-4AAF-904D-EFD703616BDF}.Release|Any CPU.Build.0 = Release|Any CPU
	EndGlobalSection
	GlobalSection(SolutionProperties) = preSolution
		HideSolutionNode = FALSE
	EndGlobalSection
	GlobalSection(ExtensibilityGlobals) = postSolution
		SolutionGuid = {BB4D2809-042E-4704-9888-5FF8BAA5B3E2}
	EndGlobalSection
EndGlobal
